// !$*UTF8*$!
{ archiveVersion = 1; classes = {}; objectVersion = 56; objects = {
4E421750DA594ADCA012FF6B = { isa = PBXFileReference; lastKnownFileType = sourcecode.swift; path = "Tests/FoundationCurrentArtworkTests.swift"; sourceTree = "<group>"; };
084CA86D7BCE4EDA934C4A37 = { isa = PBXBuildFile; fileRef = 4E421750DA594ADCA012FF6B; };
20FE8A0A476A4CC5B2600FDB = { isa = PBXFileReference; lastKnownFileType = sourcecode.swift; path = "Sources/FoundationCurrentArtwork.swift"; sourceTree = "<group>"; };
56E1EF46C2BF4228B55B0167 = { isa = PBXBuildFile; fileRef = 20FE8A0A476A4CC5B2600FDB; };
B6F0CBD7E20B40F68B4D556F = { isa = PBXFileReference; lastKnownFileType = sourcecode.swift; path = "Tests/FoundationNowPlayingTests.swift"; sourceTree = "<group>"; };
5473770595D54A7382D3E54B = { isa = PBXBuildFile; fileRef = B6F0CBD7E20B40F68B4D556F; };
58B1DD2B40F043619568F454 = { isa = PBXFileReference; lastKnownFileType = sourcecode.swift; path = "Sources/FoundationNowPlaying.swift"; sourceTree = "<group>"; };
A00890C15B96422F88C61922 = { isa = PBXBuildFile; fileRef = 58B1DD2B40F043619568F454; };
AF2D3B4D85E646F7A9B6A95B = { isa = PBXFileReference; lastKnownFileType = sourcecode.swift; path = "Sources/FoundationSettingsView.swift"; sourceTree = "<group>"; };
68B6669639EF4A33926D5DA2 = { isa = PBXBuildFile; fileRef = AF2D3B4D85E646F7A9B6A95B; };
8B75294AF68342DAA02B1AF1 = { isa = PBXFileReference; lastKnownFileType = sourcecode.swift; path = "Sources/FoundationDetailSections.swift"; sourceTree = "<group>"; };
63A47F5BE355400F81645012 = { isa = PBXBuildFile; fileRef = 8B75294AF68342DAA02B1AF1; };
2E0F8B660D581B0BE44D8B57 = { isa = PBXFileReference; lastKnownFileType = sourcecode.swift; path = "Sources/FoundationAirPlayPicker.swift"; sourceTree = "<group>"; };
95C9E4AF51C3D9DED6F88B0D = { isa = PBXBuildFile; fileRef = 2E0F8B660D581B0BE44D8B57; };
F6D4B75A11DE11095A08B4A0 = { isa = PBXFileReference; lastKnownFileType = sourcecode.swift; path = "Sources/FoundationHomeView.swift"; sourceTree = "<group>"; };
F5B7AD9BDB9271AFAEEC9A48 = { isa = PBXBuildFile; fileRef = F6D4B75A11DE11095A08B4A0; };
B910D56542DA10A6BDB041A2 = { isa = PBXFileReference; lastKnownFileType = sourcecode.swift; path = "Sources/FoundationSearchView.swift"; sourceTree = "<group>"; };
B97FB01C4EB6EF8FB085BB5D = { isa = PBXBuildFile; fileRef = B910D56542DA10A6BDB041A2; };
45EE8710011837C67FE3151D = { isa = PBXFileReference; lastKnownFileType = sourcecode.swift; path = "Sources/FoundationNewView.swift"; sourceTree = "<group>"; };
4217ACE1BDE8E6A36E08B772 = { isa = PBXBuildFile; fileRef = 45EE8710011837C67FE3151D; };
E8A4B07690A5A5273A86F111 = { isa = PBXFileReference; lastKnownFileType = text; path = "Resources/ThirdPartyNotices.txt"; sourceTree = "<group>"; };
E8A4B07690A5A5273A86F112 = { isa = PBXBuildFile; fileRef = E8A4B07690A5A5273A86F111; };
8279E96E03B555A51EA0873D = { isa = PBXFileReference; lastKnownFileType = sourcecode.swift; path = "Tests/FoundationLibraryActionsTests.swift"; sourceTree = "<group>"; };
A3190168A014D3DD191E1D39 = { isa = PBXBuildFile; fileRef = 8279E96E03B555A51EA0873D; };
CA06579B83AAD9E9FD2B6CCD = { isa = PBXFileReference; lastKnownFileType = sourcecode.swift; path = "Tests/FoundationGenreTests.swift"; sourceTree = "<group>"; };
9350151AD0326E683687D970 = { isa = PBXBuildFile; fileRef = CA06579B83AAD9E9FD2B6CCD; };
C7CDEE838E07E2DFDC3E744A = { isa = PBXFileReference; lastKnownFileType = sourcecode.swift; path = "Sources/FoundationMacLibraryShell.swift"; sourceTree = "<group>"; };
6BE9E103EB368FABB558E7F3 = { isa = PBXBuildFile; fileRef = C7CDEE838E07E2DFDC3E744A; };
FF3CC2A6A325FB2BEB08CCCC = { isa = PBXFileReference; lastKnownFileType = sourcecode.swift; path = "Sources/FoundationItemMenu.swift"; sourceTree = "<group>"; };
E917B43A97F1FF83CE545B91 = { isa = PBXBuildFile; fileRef = FF3CC2A6A325FB2BEB08CCCC; };
1AD1BA29076532F8D38F2D46 = { isa = PBXFileReference; lastKnownFileType = sourcecode.swift; path = "Sources/FoundationLibraryActions.swift"; sourceTree = "<group>"; };
84B5E55E96C3B23F97B4716F = { isa = PBXBuildFile; fileRef = 1AD1BA29076532F8D38F2D46; };
B540F92633F1E6838A18607C = { isa = PBXFileReference; lastKnownFileType = sourcecode.swift; path = "Sources/FoundationGenreView.swift"; sourceTree = "<group>"; };
DAEA4E384F76F99EE40B9893 = { isa = PBXBuildFile; fileRef = B540F92633F1E6838A18607C; };
6C6DAE619C14ECF547D1C843 = { isa = PBXFileReference; lastKnownFileType = sourcecode.swift; path = "Sources/FoundationArtworkView.swift"; sourceTree = "<group>"; };
20C69EA9A9FA3B9B70E46A69 = { isa = PBXBuildFile; fileRef = 6C6DAE619C14ECF547D1C843; };
98CBBD5F60667785E56BE2C4 = { isa = PBXFileReference; lastKnownFileType = sourcecode.swift; path = "Sources/FoundationPlayerView.swift"; sourceTree = "<group>"; };
5697811568A557684FD91FF8 = { isa = PBXBuildFile; fileRef = 98CBBD5F60667785E56BE2C4; };
265B8855DF7891C18DA48931 = { isa = PBXFileReference; lastKnownFileType = sourcecode.swift; path = "Sources/FoundationBrowseModel.swift"; sourceTree = "<group>"; };
5D6DD3DA9FDB248E74AC421F = { isa = PBXBuildFile; fileRef = 265B8855DF7891C18DA48931; };
8549470940185F6A259BD157 = { isa = PBXFileReference; lastKnownFileType = sourcecode.swift; path = "Sources/FoundationApp.swift"; sourceTree = "<group>"; };
39EAB7307A49845562422C91 = { isa = PBXFileReference; lastKnownFileType = sourcecode.swift; path = "Sources/FoundationViews.swift"; sourceTree = "<group>"; };
9FB7BCB4AD642A4D7A3B6C88 = { isa = PBXFileReference; lastKnownFileType = sourcecode.swift; path = "Sources/FoundationJournal.swift"; sourceTree = "<group>"; };
8EC2F1F3C293753D4CE11C16 = { isa = PBXFileReference; lastKnownFileType = sourcecode.swift; path = "Sources/FoundationLibrary.swift"; sourceTree = "<group>"; };
01A3BAC6F7009A0F4A941C1A = { isa = PBXFileReference; lastKnownFileType = sourcecode.swift; path = "Sources/FoundationCredentials.swift"; sourceTree = "<group>"; };
F14CA19A253A7F34517BD6A6 = { isa = PBXFileReference; lastKnownFileType = sourcecode.swift; path = "Sources/FoundationPlayer.swift"; sourceTree = "<group>"; };
6F86F21E2041A9612F7049F4 = { isa = PBXFileReference; lastKnownFileType = sourcecode.swift; path = "Tests/FoundationLibraryTests.swift"; sourceTree = "<group>"; };
A1745D95F8B4F9691688BF1C = { isa = PBXFileReference; lastKnownFileType = sourcecode.swift; path = "Tests/FoundationPlayerTests.swift"; sourceTree = "<group>"; };
25FEBE8D254E7B20FF9D37DF = { isa = PBXFileReference; lastKnownFileType = sourcecode.swift; path = "Tests/FoundationPresentationTests.swift"; sourceTree = "<group>"; };
5DF74680D98FE4AADB93F019 = { isa = PBXFileReference; lastKnownFileType = folder.icon; path = "Resources/AppIcon.icon"; sourceTree = "<group>"; };
5F2C0BAFF5ECE16FF3ADD729 = { isa = PBXFileReference; lastKnownFileType = text.xml; path = "Resources/PrivacyInfo.xcprivacy"; sourceTree = "<group>"; };
763D774377779C412BB71F6F = { isa = PBXFileReference; explicitFileType = wrapper.application; path = Velacanto.app; sourceTree = BUILT_PRODUCTS_DIR; };
00444E2C37DD529B70E931A2 = { isa = PBXFileReference; explicitFileType = wrapper.cfbundle; path = VelacantoFoundationTests.xctest; sourceTree = BUILT_PRODUCTS_DIR; };
0A3E27B8CA818264D75C8D81 = { isa = PBXGroup; children = (763D774377779C412BB71F6F, 00444E2C37DD529B70E931A2); name = Products; sourceTree = "<group>"; };
4813494D137E1631BBA301D5 = { isa = PBXGroup; children = (4E421750DA594ADCA012FF6B, 20FE8A0A476A4CC5B2600FDB, B6F0CBD7E20B40F68B4D556F, 58B1DD2B40F043619568F454, AF2D3B4D85E646F7A9B6A95B, 2E0F8B660D581B0BE44D8B57, F6D4B75A11DE11095A08B4A0, B910D56542DA10A6BDB041A2, 45EE8710011837C67FE3151D, E8A4B07690A5A5273A86F111, 8279E96E03B555A51EA0873D, CA06579B83AAD9E9FD2B6CCD, C7CDEE838E07E2DFDC3E744A, FF3CC2A6A325FB2BEB08CCCC, 1AD1BA29076532F8D38F2D46, B540F92633F1E6838A18607C, 6C6DAE619C14ECF547D1C843, 98CBBD5F60667785E56BE2C4, 265B8855DF7891C18DA48931, 8549470940185F6A259BD157, 8B75294AF68342DAA02B1AF1, 39EAB7307A49845562422C91, 9FB7BCB4AD642A4D7A3B6C88, 8EC2F1F3C293753D4CE11C16, 01A3BAC6F7009A0F4A941C1A, F14CA19A253A7F34517BD6A6, 6F86F21E2041A9612F7049F4, A1745D95F8B4F9691688BF1C, 25FEBE8D254E7B20FF9D37DF, 5DF74680D98FE4AADB93F019, 5F2C0BAFF5ECE16FF3ADD729, 0A3E27B8CA818264D75C8D81); sourceTree = "<group>"; };
CB3C99254CCE95D7B1A7A499 = { isa = PBXBuildFile; fileRef = 8549470940185F6A259BD157; };
0DE10BC68FA29AFBA2F5CED3 = { isa = PBXBuildFile; fileRef = 39EAB7307A49845562422C91; };
6F5CCA9B8CEEBB8C18F24CD1 = { isa = PBXBuildFile; fileRef = 9FB7BCB4AD642A4D7A3B6C88; };
9C4989CB9DD51E20BD50C14A = { isa = PBXBuildFile; fileRef = 8EC2F1F3C293753D4CE11C16; };
2488FC49083239F97E1176A8 = { isa = PBXBuildFile; fileRef = 01A3BAC6F7009A0F4A941C1A; };
CCAB94607AD5349C1ABCBEAE = { isa = PBXBuildFile; fileRef = F14CA19A253A7F34517BD6A6; };
D8AFF257B45D0C513672EC45 = { isa = PBXSourcesBuildPhase; buildActionMask = 2147483647; files = (56E1EF46C2BF4228B55B0167, A00890C15B96422F88C61922, 68B6669639EF4A33926D5DA2, 95C9E4AF51C3D9DED6F88B0D, F5B7AD9BDB9271AFAEEC9A48, B97FB01C4EB6EF8FB085BB5D, 4217ACE1BDE8E6A36E08B772, 6BE9E103EB368FABB558E7F3, E917B43A97F1FF83CE545B91, 84B5E55E96C3B23F97B4716F, DAEA4E384F76F99EE40B9893, 20C69EA9A9FA3B9B70E46A69, 5697811568A557684FD91FF8, 5D6DD3DA9FDB248E74AC421F, CB3C99254CCE95D7B1A7A499, 63A47F5BE355400F81645012, 0DE10BC68FA29AFBA2F5CED3, 6F5CCA9B8CEEBB8C18F24CD1, 9C4989CB9DD51E20BD50C14A, 2488FC49083239F97E1176A8, CCAB94607AD5349C1ABCBEAE); runOnlyForDeploymentPostprocessing = 0; };
38CE2DD5DBFE978B578085C6 = { isa = PBXBuildFile; fileRef = 6F86F21E2041A9612F7049F4; };
D2862735037E96ED1F199B4C = { isa = PBXBuildFile; fileRef = A1745D95F8B4F9691688BF1C; };
2C65626869F2A32B62BBBCD4 = { isa = PBXBuildFile; fileRef = 25FEBE8D254E7B20FF9D37DF; };
B2298129A58493C45A5D7D9A = { isa = PBXSourcesBuildPhase; buildActionMask = 2147483647; files = (084CA86D7BCE4EDA934C4A37, 5473770595D54A7382D3E54B, A3190168A014D3DD191E1D39, 9350151AD0326E683687D970, 38CE2DD5DBFE978B578085C6, D2862735037E96ED1F199B4C, 2C65626869F2A32B62BBBCD4); runOnlyForDeploymentPostprocessing = 0; };
FD3C59E6661569A7C447CB12 = { isa = PBXBuildFile; fileRef = 5DF74680D98FE4AADB93F019; };
9284BF3C3175DA8D52EBABBF = { isa = PBXBuildFile; fileRef = 5F2C0BAFF5ECE16FF3ADD729; };
41D311A605520FC7B8B9A980 = { isa = PBXResourcesBuildPhase; buildActionMask = 2147483647; files = (E8A4B07690A5A5273A86F112, FD3C59E6661569A7C447CB12, 9284BF3C3175DA8D52EBABBF); runOnlyForDeploymentPostprocessing = 0; };
A9D0DF1873A041A6E38E2C46 = { isa = XCRemoteSwiftPackageReference; repositoryURL = "https://github.com/jellyfin/jellyfin-sdk-swift.git"; requirement = { kind = exactVersion; version = 3.1.0; }; };
8AEE0C8AA2DEB1449A02A165 = { isa = XCSwiftPackageProductDependency; package = A9D0DF1873A041A6E38E2C46; productName = JellyfinAPI; };
39C69A4D82E74C8D016CEA22 = { isa = PBXBuildFile; productRef = 8AEE0C8AA2DEB1449A02A165; };
91024282FFD499F5807DB5BC = { isa = PBXFrameworksBuildPhase; buildActionMask = 2147483647; files = (39C69A4D82E74C8D016CEA22); runOnlyForDeploymentPostprocessing = 0; };
28557525D9B40FEE6754FB60 = { isa = PBXFrameworksBuildPhase; buildActionMask = 2147483647; files = (); runOnlyForDeploymentPostprocessing = 0; };
73EBF6644258C120893E685D = { isa = XCBuildConfiguration; buildSettings = { CLANG_ENABLE_MODULES = "YES"; SWIFT_VERSION = "5.0"; IPHONEOS_DEPLOYMENT_TARGET = "27.0"; MACOSX_DEPLOYMENT_TARGET = "27.0"; SDKROOT = "iphoneos"; SUPPORTED_PLATFORMS = "iphoneos iphonesimulator macosx"; ENABLE_USER_SCRIPT_SANDBOXING = "YES"; SWIFT_STRICT_CONCURRENCY = "complete"; ONLY_ACTIVE_ARCH = "YES"; SWIFT_OPTIMIZATION_LEVEL = "-Onone"; DEBUG_INFORMATION_FORMAT = "dwarf"; ENABLE_TESTABILITY = "YES"; SWIFT_ACTIVE_COMPILATION_CONDITIONS = "DEBUG $(inherited)"; }; name = Debug; };
0B0C687DF8B6B8DC790B519C = { isa = XCBuildConfiguration; buildSettings = { CLANG_ENABLE_MODULES = "YES"; SWIFT_VERSION = "5.0"; IPHONEOS_DEPLOYMENT_TARGET = "27.0"; MACOSX_DEPLOYMENT_TARGET = "27.0"; SDKROOT = "iphoneos"; SUPPORTED_PLATFORMS = "iphoneos iphonesimulator macosx"; ENABLE_USER_SCRIPT_SANDBOXING = "YES"; SWIFT_STRICT_CONCURRENCY = "complete"; ONLY_ACTIVE_ARCH = "NO"; SWIFT_OPTIMIZATION_LEVEL = "-O"; DEBUG_INFORMATION_FORMAT = "dwarf-with-dsym"; ENABLE_TESTABILITY = "NO"; SWIFT_ACTIVE_COMPILATION_CONDITIONS = "$(inherited)"; }; name = Release; };
76F8DEC3DFE0BDB465198890 = { isa = XCConfigurationList; buildConfigurations = (73EBF6644258C120893E685D, 0B0C687DF8B6B8DC790B519C); defaultConfigurationIsVisible = 0; defaultConfigurationName = Release; };
B00CCDD09424E369308D67FA = { isa = XCBuildConfiguration; buildSettings = { SWIFT_TREAT_WARNINGS_AS_ERRORS = "YES"; PRODUCT_NAME = "Velacanto"; PRODUCT_MODULE_NAME = "VelacantoFoundation"; "CODE_SIGN_ENTITLEMENTS[sdk=macosx*]" = "Resources/Velacanto-macOS.entitlements"; PRODUCT_BUNDLE_IDENTIFIER = "com.chameleonenterprise.velacanto"; INFOPLIST_FILE = "Resources/Info.plist"; CODE_SIGN_STYLE = "Automatic"; DEVELOPMENT_TEAM = "B9X8T5LT8Q"; TARGETED_DEVICE_FAMILY = "1,2"; ASSETCATALOG_COMPILER_APPICON_NAME = "AppIcon"; ENABLE_HARDENED_RUNTIME = "YES"; LD_RUNPATH_SEARCH_PATHS = "$(inherited) @executable_path/Frameworks"; SWIFT_EMIT_LOC_STRINGS = "YES"; }; name = Debug; };
1B104479E55E37CF8A63CBDF = { isa = XCBuildConfiguration; buildSettings = { SWIFT_TREAT_WARNINGS_AS_ERRORS = "YES"; PRODUCT_NAME = "Velacanto"; PRODUCT_MODULE_NAME = "VelacantoFoundation"; "CODE_SIGN_ENTITLEMENTS[sdk=macosx*]" = "Resources/Velacanto-macOS.entitlements"; PRODUCT_BUNDLE_IDENTIFIER = "com.chameleonenterprise.velacanto"; INFOPLIST_FILE = "Resources/Info.plist"; CODE_SIGN_STYLE = "Automatic"; DEVELOPMENT_TEAM = "B9X8T5LT8Q"; TARGETED_DEVICE_FAMILY = "1,2"; ASSETCATALOG_COMPILER_APPICON_NAME = "AppIcon"; ENABLE_HARDENED_RUNTIME = "YES"; LD_RUNPATH_SEARCH_PATHS = "$(inherited) @executable_path/Frameworks"; SWIFT_EMIT_LOC_STRINGS = "YES"; }; name = Release; };
06CB67C35A91E16DBD17B949 = { isa = XCConfigurationList; buildConfigurations = (B00CCDD09424E369308D67FA, 1B104479E55E37CF8A63CBDF); defaultConfigurationIsVisible = 0; defaultConfigurationName = Release; };
DD3F495F7D6A5AA1C1769021 = { isa = XCBuildConfiguration; buildSettings = { SWIFT_TREAT_WARNINGS_AS_ERRORS = "YES"; PRODUCT_NAME = "$(TARGET_NAME)"; PRODUCT_BUNDLE_IDENTIFIER = "com.chameleonenterprise.velacanto.tests"; GENERATE_INFOPLIST_FILE = "YES"; CODE_SIGN_STYLE = "Automatic"; DEVELOPMENT_TEAM = "B9X8T5LT8Q"; TEST_HOST = "$(BUILT_PRODUCTS_DIR)/Velacanto.app/$(BUNDLE_EXECUTABLE_FOLDER_PATH)/Velacanto"; BUNDLE_LOADER = "$(TEST_HOST)"; LD_RUNPATH_SEARCH_PATHS = "$(inherited) @executable_path/Frameworks @loader_path/Frameworks"; }; name = Debug; };
E670BC2FFE794172EBC92AE3 = { isa = XCBuildConfiguration; buildSettings = { SWIFT_TREAT_WARNINGS_AS_ERRORS = "YES"; PRODUCT_NAME = "$(TARGET_NAME)"; PRODUCT_BUNDLE_IDENTIFIER = "com.chameleonenterprise.velacanto.tests"; GENERATE_INFOPLIST_FILE = "YES"; CODE_SIGN_STYLE = "Automatic"; DEVELOPMENT_TEAM = "B9X8T5LT8Q"; TEST_HOST = "$(BUILT_PRODUCTS_DIR)/Velacanto.app/$(BUNDLE_EXECUTABLE_FOLDER_PATH)/Velacanto"; BUNDLE_LOADER = "$(TEST_HOST)"; LD_RUNPATH_SEARCH_PATHS = "$(inherited) @executable_path/Frameworks @loader_path/Frameworks"; }; name = Release; };
5FA394EFD07597E96CACD8E1 = { isa = XCConfigurationList; buildConfigurations = (DD3F495F7D6A5AA1C1769021, E670BC2FFE794172EBC92AE3); defaultConfigurationIsVisible = 0; defaultConfigurationName = Release; };
1241936D4DD3AAD68FE7BFBD = { isa = PBXContainerItemProxy; containerPortal = 244210E48437B6556980A702; proxyType = 1; remoteGlobalIDString = AC44A5EE06496B21A17CA082; remoteInfo = VelacantoFoundation; };
F26350DAFE3F19AABFD69AC4 = { isa = PBXTargetDependency; target = AC44A5EE06496B21A17CA082; targetProxy = 1241936D4DD3AAD68FE7BFBD; };
AC44A5EE06496B21A17CA082 = { isa = PBXNativeTarget; buildConfigurationList = 06CB67C35A91E16DBD17B949; buildPhases = (D8AFF257B45D0C513672EC45, 91024282FFD499F5807DB5BC, 41D311A605520FC7B8B9A980); buildRules = (); dependencies = (); name = VelacantoFoundation; packageProductDependencies = (8AEE0C8AA2DEB1449A02A165); productName = Velacanto; productReference = 763D774377779C412BB71F6F; productType = "com.apple.product-type.application"; };
3A0C9CEF9D8F3BC090274361 = { isa = PBXNativeTarget; buildConfigurationList = 5FA394EFD07597E96CACD8E1; buildPhases = (B2298129A58493C45A5D7D9A, 28557525D9B40FEE6754FB60); buildRules = (); dependencies = (F26350DAFE3F19AABFD69AC4); name = VelacantoFoundationTests; productName = VelacantoFoundationTests; productReference = 00444E2C37DD529B70E931A2; productType = "com.apple.product-type.bundle.unit-test"; };
244210E48437B6556980A702 = { isa = PBXProject; attributes = { BuildIndependentTargetsInParallel = YES; LastUpgradeCheck = 2700; }; buildConfigurationList = 76F8DEC3DFE0BDB465198890; compatibilityVersion = "Xcode 14.0"; developmentRegion = en; hasScannedForEncodings = 0; knownRegions = (en, Base); mainGroup = 4813494D137E1631BBA301D5; packageReferences = (A9D0DF1873A041A6E38E2C46); productRefGroup = 0A3E27B8CA818264D75C8D81; projectDirPath = ""; projectRoot = ""; targets = (AC44A5EE06496B21A17CA082, 3A0C9CEF9D8F3BC090274361); };
}; rootObject = 244210E48437B6556980A702; }
