// !$*UTF8*$!
{
	archiveVersion = 1;
	classes = {
	};
	objectVersion = 71;
	objects = {

/* Begin PBXBuildFile section */
		000000000000000000000201 /* App/VelacantoApp.swift in Sources */ = {isa = PBXBuildFile; fileRef = 000000000000000000000101 /* App/VelacantoApp.swift */; };
		000000000000000000000203 /* Core/Playback/PlaybackTimeFormatter.swift in Sources */ = {isa = PBXBuildFile; fileRef = 000000000000000000000103 /* Core/Playback/PlaybackTimeFormatter.swift */; };
		000000000000000000000204 /* PlaybackFoundationTests.swift in Sources */ = {isa = PBXBuildFile; fileRef = 000000000000000000000104 /* PlaybackFoundationTests.swift */; };
		000000000000000000000205 /* Resources/PrivacyInfo.xcprivacy in Resources */ = {isa = PBXBuildFile; fileRef = 000000000000000000000108 /* Resources/PrivacyInfo.xcprivacy */; };
		000000000000000000000206 /* Core/Models/MusicSource.swift in Sources */ = {isa = PBXBuildFile; fileRef = 000000000000000000000109 /* Core/Models/MusicSource.swift */; };
		000000000000000000000207 /* Core/Playback/AudioPlaybackCoordinator.swift in Sources */ = {isa = PBXBuildFile; fileRef = 000000000000000000000110 /* Core/Playback/AudioPlaybackCoordinator.swift */; };
		000000000000000000000208 /* Sources/LocalFiles/LocalFilePlaybackAdapter.swift in Sources */ = {isa = PBXBuildFile; fileRef = 000000000000000000000111 /* Sources/LocalFiles/LocalFilePlaybackAdapter.swift */; };
		000000000000000000000209 /* Sources/LocalFiles/DemoToneFactory.swift in Sources */ = {isa = PBXBuildFile; fileRef = 000000000000000000000112 /* Sources/LocalFiles/DemoToneFactory.swift */; };
		000000000000000000000210 /* Platform/Media/SystemMediaController.swift in Sources */ = {isa = PBXBuildFile; fileRef = 000000000000000000000113 /* Platform/Media/SystemMediaController.swift */; };
		000000000000000000000211 /* Core/Playback/AudioPlayerEngine.swift in Sources */ = {isa = PBXBuildFile; fileRef = 000000000000000000000114 /* Core/Playback/AudioPlayerEngine.swift */; };
		000000000000000000000212 /* Core/JellyfinAPI/JellyfinAPI.swift in Sources */ = {isa = PBXBuildFile; fileRef = 000000000000000000000115 /* Core/JellyfinAPI/JellyfinAPI.swift */; };
		000000000000000000000213 /* Core/Session/JellyfinSessionController.swift in Sources */ = {isa = PBXBuildFile; fileRef = 000000000000000000000116 /* Core/Session/JellyfinSessionController.swift */; };
		000000000000000000000214 /* Features/Jellyfin/JellyfinAccessView.swift in Sources */ = {isa = PBXBuildFile; fileRef = 000000000000000000000117 /* Features/Jellyfin/JellyfinAccessView.swift */; };
		000000000000000000000215 /* Sources/Jellyfin/JellyfinPlaybackAdapter.swift in Sources */ = {isa = PBXBuildFile; fileRef = 000000000000000000000118 /* Sources/Jellyfin/JellyfinPlaybackAdapter.swift */; };
		000000000000000000000216 /* JellyfinFoundationTests.swift in Sources */ = {isa = PBXBuildFile; fileRef = 000000000000000000000119 /* JellyfinFoundationTests.swift */; };
		000000000000000000000217 /* App/VelacantoRootView.swift in Sources */ = {isa = PBXBuildFile; fileRef = 000000000000000000000120 /* App/VelacantoRootView.swift */; };
		000000000000000000000219 /* Features/Profile/ProfileView.swift in Sources */ = {isa = PBXBuildFile; fileRef = 000000000000000000000122 /* Features/Profile/ProfileView.swift */; };
		000000000000000000000220 /* Features/Search/MusicSearchView.swift in Sources */ = {isa = PBXBuildFile; fileRef = 000000000000000000000123 /* Features/Search/MusicSearchView.swift */; };
		000000000000000000000222 /* Core/Catalog/JellyfinCatalogRepository.swift in Sources */ = {isa = PBXBuildFile; fileRef = 000000000000000000000125 /* Core/Catalog/JellyfinCatalogRepository.swift */; };
		000000000000000000000223 /* Sources/Jellyfin/JellyfinPlaybackRequestResolver.swift in Sources */ = {isa = PBXBuildFile; fileRef = 000000000000000000000126 /* Sources/Jellyfin/JellyfinPlaybackRequestResolver.swift */; };
		000000000000000000000224 /* Core/Session/JellyfinSessionPersistence.swift in Sources */ = {isa = PBXBuildFile; fileRef = 000000000000000000000127 /* Core/Session/JellyfinSessionPersistence.swift */; };
		000000000000000000000225 /* App/AppNavigation.swift in Sources */ = {isa = PBXBuildFile; fileRef = 000000000000000000000128 /* App/AppNavigation.swift */; };
		000000000000000000000226 /* Features/Home/HomeView.swift in Sources */ = {isa = PBXBuildFile; fileRef = 000000000000000000000129 /* Features/Home/HomeView.swift */; };
		000000000000000000000227 /* Features/Artwork/ArtworkViews.swift in Sources */ = {isa = PBXBuildFile; fileRef = 000000000000000000000130 /* Features/Artwork/ArtworkViews.swift */; };
		000000000000000000000241 /* Features/Playback/PlaybackAccessory.swift in Sources */ = {isa = PBXBuildFile; fileRef = 000000000000000000000145 /* Features/Playback/PlaybackAccessory.swift */; };
		000000000000000000000242 /* Features/Playback/PlaybackSystemControls.swift in Sources */ = {isa = PBXBuildFile; fileRef = 000000000000000000000146 /* Features/Playback/PlaybackSystemControls.swift */; };
		000000000000000000000243 /* Features/Playback/NowPlayingView.swift in Sources */ = {isa = PBXBuildFile; fileRef = 000000000000000000000147 /* Features/Playback/NowPlayingView.swift */; };
		000000000000000000000244 /* Features/Playback/LyricsPresentation.swift in Sources */ = {isa = PBXBuildFile; fileRef = 000000000000000000000148 /* Features/Playback/LyricsPresentation.swift */; };
		000000000000000000000245 /* Features/Playback/UpNextPresentation.swift in Sources */ = {isa = PBXBuildFile; fileRef = 000000000000000000000149 /* Features/Playback/UpNextPresentation.swift */; };
		000000000000000000000246 /* Features/Playback/PlaybackQueueView.swift in Sources */ = {isa = PBXBuildFile; fileRef = 00000000000000000000014A /* Features/Playback/PlaybackQueueView.swift */; };
		000000000000000000000247 /* Features/Playback/ModernPlaybackAccessory.swift in Sources */ = {isa = PBXBuildFile; fileRef = 00000000000000000000014B /* Features/Playback/ModernPlaybackAccessory.swift */; };
		000000000000000000000248 /* Features/Playback/BufferedPlaybackSlider.swift in Sources */ = {isa = PBXBuildFile; fileRef = 00000000000000000000014C /* Features/Playback/BufferedPlaybackSlider.swift */; };
		000000000000000000000229 /* Features/Library/PagedJellyfinItemsModel.swift in Sources */ = {isa = PBXBuildFile; fileRef = 000000000000000000000132 /* Features/Library/PagedJellyfinItemsModel.swift */; };
		000000000000000000000230 /* Features/Library/MusicLibraryNavigation.swift in Sources */ = {isa = PBXBuildFile; fileRef = 000000000000000000000133 /* Features/Library/MusicLibraryNavigation.swift */; };
		000000000000000000000231 /* Features/Library/MusicAlbumsView.swift in Sources */ = {isa = PBXBuildFile; fileRef = 000000000000000000000134 /* Features/Library/MusicAlbumsView.swift */; };
		000000000000000000000232 /* Features/Library/MusicArtistsView.swift in Sources */ = {isa = PBXBuildFile; fileRef = 000000000000000000000135 /* Features/Library/MusicArtistsView.swift */; };
		000000000000000000000233 /* Features/Library/MusicSongsView.swift in Sources */ = {isa = PBXBuildFile; fileRef = 000000000000000000000136 /* Features/Library/MusicSongsView.swift */; };
		000000000000000000000234 /* Features/Library/MusicPlaylistsView.swift in Sources */ = {isa = PBXBuildFile; fileRef = 000000000000000000000137 /* Features/Library/MusicPlaylistsView.swift */; };
		000000000000000000000235 /* Features/Library/MusicLibraryComponents.swift in Sources */ = {isa = PBXBuildFile; fileRef = 000000000000000000000138 /* Features/Library/MusicLibraryComponents.swift */; };
		000000000000000000000236 /* Core/Catalog/MusicCatalog.swift in Sources */ = {isa = PBXBuildFile; fileRef = 000000000000000000000139 /* Core/Catalog/MusicCatalog.swift */; };
		000000000000000000000237 /* Core/Catalog/MusicItemActionStateOwner.swift in Sources */ = {isa = PBXBuildFile; fileRef = 000000000000000000000140 /* Core/Catalog/MusicItemActionStateOwner.swift */; };
		000000000000000000000238 /* Features/Library/MusicFavoriteControls.swift in Sources */ = {isa = PBXBuildFile; fileRef = 000000000000000000000141 /* Features/Library/MusicFavoriteControls.swift */; };
		000000000000000000000239 /* MusicItemActionTests.swift in Sources */ = {isa = PBXBuildFile; fileRef = 000000000000000000000142 /* MusicItemActionTests.swift */; };
		000000000000000000000240 /* VelacantoUITests.swift in Sources */ = {isa = PBXBuildFile; fileRef = 000000000000000000000143 /* VelacantoUITests.swift */; };
		000000000000000000000221 /* Resources/AppIcon.icon in Resources */ = {isa = PBXBuildFile; fileRef = 000000000000000000000124 /* Resources/AppIcon.icon */; };
/* End PBXBuildFile section */

/* Begin PBXContainerItemProxy section */
		000000000000000000000701 /* PBXContainerItemProxy */ = {
			isa = PBXContainerItemProxy;
			containerPortal = 000000000000000000000001 /* Project object */;
			proxyType = 1;
			remoteGlobalIDString = 000000000000000000000401;
			remoteInfo = Velacanto;
		};
		000000000000000000000703 /* PBXContainerItemProxy */ = {
			isa = PBXContainerItemProxy;
			containerPortal = 000000000000000000000001 /* Project object */;
			proxyType = 1;
			remoteGlobalIDString = 000000000000000000000401;
			remoteInfo = Velacanto;
		};
/* End PBXContainerItemProxy section */

/* Begin PBXFileReference section */
		000000000000000000000101 /* App/VelacantoApp.swift */ = {isa = PBXFileReference; lastKnownFileType = sourcecode.swift; path = App/VelacantoApp.swift; sourceTree = "<group>"; };
		000000000000000000000103 /* Core/Playback/PlaybackTimeFormatter.swift */ = {isa = PBXFileReference; lastKnownFileType = sourcecode.swift; path = Core/Playback/PlaybackTimeFormatter.swift; sourceTree = "<group>"; };
		000000000000000000000104 /* PlaybackFoundationTests.swift */ = {isa = PBXFileReference; lastKnownFileType = sourcecode.swift; path = PlaybackFoundationTests.swift; sourceTree = "<group>"; };
		000000000000000000000105 /* Velacanto.app */ = {isa = PBXFileReference; explicitFileType = wrapper.application; includeInIndex = 0; path = Velacanto.app; sourceTree = BUILT_PRODUCTS_DIR; };
		000000000000000000000106 /* VelacantoTests.xctest */ = {isa = PBXFileReference; explicitFileType = wrapper.cfbundle; includeInIndex = 0; path = VelacantoTests.xctest; sourceTree = BUILT_PRODUCTS_DIR; };
		000000000000000000000143 /* VelacantoUITests.swift */ = {isa = PBXFileReference; lastKnownFileType = sourcecode.swift; path = VelacantoUITests.swift; sourceTree = "<group>"; };
		000000000000000000000144 /* VelacantoUITests.xctest */ = {isa = PBXFileReference; explicitFileType = wrapper.cfbundle; includeInIndex = 0; path = VelacantoUITests.xctest; sourceTree = BUILT_PRODUCTS_DIR; };
		000000000000000000000107 /* Resources/Info.plist */ = {isa = PBXFileReference; lastKnownFileType = text.plist.xml; path = Resources/Info.plist; sourceTree = "<group>"; };
		000000000000000000000108 /* Resources/PrivacyInfo.xcprivacy */ = {isa = PBXFileReference; lastKnownFileType = text.plist.xml; path = Resources/PrivacyInfo.xcprivacy; sourceTree = "<group>"; };
		000000000000000000000109 /* Core/Models/MusicSource.swift */ = {isa = PBXFileReference; lastKnownFileType = sourcecode.swift; path = Core/Models/MusicSource.swift; sourceTree = "<group>"; };
		000000000000000000000110 /* Core/Playback/AudioPlaybackCoordinator.swift */ = {isa = PBXFileReference; lastKnownFileType = sourcecode.swift; path = Core/Playback/AudioPlaybackCoordinator.swift; sourceTree = "<group>"; };
		000000000000000000000111 /* Sources/LocalFiles/LocalFilePlaybackAdapter.swift */ = {isa = PBXFileReference; lastKnownFileType = sourcecode.swift; path = Sources/LocalFiles/LocalFilePlaybackAdapter.swift; sourceTree = "<group>"; };
		000000000000000000000112 /* Sources/LocalFiles/DemoToneFactory.swift */ = {isa = PBXFileReference; lastKnownFileType = sourcecode.swift; path = Sources/LocalFiles/DemoToneFactory.swift; sourceTree = "<group>"; };
		000000000000000000000113 /* Platform/Media/SystemMediaController.swift */ = {isa = PBXFileReference; lastKnownFileType = sourcecode.swift; path = Platform/Media/SystemMediaController.swift; sourceTree = "<group>"; };
		000000000000000000000114 /* Core/Playback/AudioPlayerEngine.swift */ = {isa = PBXFileReference; lastKnownFileType = sourcecode.swift; path = Core/Playback/AudioPlayerEngine.swift; sourceTree = "<group>"; };
		000000000000000000000115 /* Core/JellyfinAPI/JellyfinAPI.swift */ = {isa = PBXFileReference; lastKnownFileType = sourcecode.swift; path = Core/JellyfinAPI/JellyfinAPI.swift; sourceTree = "<group>"; };
		000000000000000000000116 /* Core/Session/JellyfinSessionController.swift */ = {isa = PBXFileReference; lastKnownFileType = sourcecode.swift; path = Core/Session/JellyfinSessionController.swift; sourceTree = "<group>"; };
		000000000000000000000117 /* Features/Jellyfin/JellyfinAccessView.swift */ = {isa = PBXFileReference; lastKnownFileType = sourcecode.swift; path = Features/Jellyfin/JellyfinAccessView.swift; sourceTree = "<group>"; };
		000000000000000000000118 /* Sources/Jellyfin/JellyfinPlaybackAdapter.swift */ = {isa = PBXFileReference; lastKnownFileType = sourcecode.swift; path = Sources/Jellyfin/JellyfinPlaybackAdapter.swift; sourceTree = "<group>"; };
		000000000000000000000119 /* JellyfinFoundationTests.swift */ = {isa = PBXFileReference; lastKnownFileType = sourcecode.swift; path = JellyfinFoundationTests.swift; sourceTree = "<group>"; };
		000000000000000000000120 /* App/VelacantoRootView.swift */ = {isa = PBXFileReference; lastKnownFileType = sourcecode.swift; path = App/VelacantoRootView.swift; sourceTree = "<group>"; };
		000000000000000000000122 /* Features/Profile/ProfileView.swift */ = {isa = PBXFileReference; lastKnownFileType = sourcecode.swift; path = Features/Profile/ProfileView.swift; sourceTree = "<group>"; };
		000000000000000000000123 /* Features/Search/MusicSearchView.swift */ = {isa = PBXFileReference; lastKnownFileType = sourcecode.swift; path = Features/Search/MusicSearchView.swift; sourceTree = "<group>"; };
		000000000000000000000124 /* Resources/AppIcon.icon */ = {isa = PBXFileReference; lastKnownFileType = folder.iconcomposer.icon; path = Resources/AppIcon.icon; sourceTree = "<group>"; };
		000000000000000000000125 /* Core/Catalog/JellyfinCatalogRepository.swift */ = {isa = PBXFileReference; lastKnownFileType = sourcecode.swift; path = Core/Catalog/JellyfinCatalogRepository.swift; sourceTree = "<group>"; };
		000000000000000000000126 /* Sources/Jellyfin/JellyfinPlaybackRequestResolver.swift */ = {isa = PBXFileReference; lastKnownFileType = sourcecode.swift; path = Sources/Jellyfin/JellyfinPlaybackRequestResolver.swift; sourceTree = "<group>"; };
		000000000000000000000127 /* Core/Session/JellyfinSessionPersistence.swift */ = {isa = PBXFileReference; lastKnownFileType = sourcecode.swift; path = Core/Session/JellyfinSessionPersistence.swift; sourceTree = "<group>"; };
		000000000000000000000128 /* App/AppNavigation.swift */ = {isa = PBXFileReference; lastKnownFileType = sourcecode.swift; path = App/AppNavigation.swift; sourceTree = "<group>"; };
		000000000000000000000129 /* Features/Home/HomeView.swift */ = {isa = PBXFileReference; lastKnownFileType = sourcecode.swift; path = Features/Home/HomeView.swift; sourceTree = "<group>"; };
		000000000000000000000130 /* Features/Artwork/ArtworkViews.swift */ = {isa = PBXFileReference; lastKnownFileType = sourcecode.swift; path = Features/Artwork/ArtworkViews.swift; sourceTree = "<group>"; };
		000000000000000000000145 /* Features/Playback/PlaybackAccessory.swift */ = {isa = PBXFileReference; lastKnownFileType = sourcecode.swift; path = Features/Playback/PlaybackAccessory.swift; sourceTree = "<group>"; };
		000000000000000000000146 /* Features/Playback/PlaybackSystemControls.swift */ = {isa = PBXFileReference; lastKnownFileType = sourcecode.swift; path = Features/Playback/PlaybackSystemControls.swift; sourceTree = "<group>"; };
		000000000000000000000147 /* Features/Playback/NowPlayingView.swift */ = {isa = PBXFileReference; lastKnownFileType = sourcecode.swift; path = Features/Playback/NowPlayingView.swift; sourceTree = "<group>"; };
		000000000000000000000148 /* Features/Playback/LyricsPresentation.swift */ = {isa = PBXFileReference; lastKnownFileType = sourcecode.swift; path = Features/Playback/LyricsPresentation.swift; sourceTree = "<group>"; };
		000000000000000000000149 /* Features/Playback/UpNextPresentation.swift */ = {isa = PBXFileReference; lastKnownFileType = sourcecode.swift; path = Features/Playback/UpNextPresentation.swift; sourceTree = "<group>"; };
		00000000000000000000014A /* Features/Playback/PlaybackQueueView.swift */ = {isa = PBXFileReference; lastKnownFileType = sourcecode.swift; path = Features/Playback/PlaybackQueueView.swift; sourceTree = "<group>"; };
		00000000000000000000014B /* Features/Playback/ModernPlaybackAccessory.swift */ = {isa = PBXFileReference; lastKnownFileType = sourcecode.swift; path = Features/Playback/ModernPlaybackAccessory.swift; sourceTree = "<group>"; };
		00000000000000000000014C /* Features/Playback/BufferedPlaybackSlider.swift */ = {isa = PBXFileReference; lastKnownFileType = sourcecode.swift; path = Features/Playback/BufferedPlaybackSlider.swift; sourceTree = "<group>"; };
		000000000000000000000132 /* Features/Library/PagedJellyfinItemsModel.swift */ = {isa = PBXFileReference; lastKnownFileType = sourcecode.swift; path = Features/Library/PagedJellyfinItemsModel.swift; sourceTree = "<group>"; };
		000000000000000000000133 /* Features/Library/MusicLibraryNavigation.swift */ = {isa = PBXFileReference; lastKnownFileType = sourcecode.swift; path = Features/Library/MusicLibraryNavigation.swift; sourceTree = "<group>"; };
		000000000000000000000134 /* Features/Library/MusicAlbumsView.swift */ = {isa = PBXFileReference; lastKnownFileType = sourcecode.swift; path = Features/Library/MusicAlbumsView.swift; sourceTree = "<group>"; };
		000000000000000000000135 /* Features/Library/MusicArtistsView.swift */ = {isa = PBXFileReference; lastKnownFileType = sourcecode.swift; path = Features/Library/MusicArtistsView.swift; sourceTree = "<group>"; };
		000000000000000000000136 /* Features/Library/MusicSongsView.swift */ = {isa = PBXFileReference; lastKnownFileType = sourcecode.swift; path = Features/Library/MusicSongsView.swift; sourceTree = "<group>"; };
		000000000000000000000137 /* Features/Library/MusicPlaylistsView.swift */ = {isa = PBXFileReference; lastKnownFileType = sourcecode.swift; path = Features/Library/MusicPlaylistsView.swift; sourceTree = "<group>"; };
		000000000000000000000138 /* Features/Library/MusicLibraryComponents.swift */ = {isa = PBXFileReference; lastKnownFileType = sourcecode.swift; path = Features/Library/MusicLibraryComponents.swift; sourceTree = "<group>"; };
		000000000000000000000139 /* Core/Catalog/MusicCatalog.swift */ = {isa = PBXFileReference; lastKnownFileType = sourcecode.swift; path = Core/Catalog/MusicCatalog.swift; sourceTree = "<group>"; };
		000000000000000000000140 /* Core/Catalog/MusicItemActionStateOwner.swift */ = {isa = PBXFileReference; lastKnownFileType = sourcecode.swift; path = Core/Catalog/MusicItemActionStateOwner.swift; sourceTree = "<group>"; };
		000000000000000000000141 /* Features/Library/MusicFavoriteControls.swift */ = {isa = PBXFileReference; lastKnownFileType = sourcecode.swift; path = Features/Library/MusicFavoriteControls.swift; sourceTree = "<group>"; };
		000000000000000000000142 /* MusicItemActionTests.swift */ = {isa = PBXFileReference; lastKnownFileType = sourcecode.swift; path = MusicItemActionTests.swift; sourceTree = "<group>"; };
/* End PBXFileReference section */

/* Begin PBXFrameworksBuildPhase section */
		000000000000000000000302 /* Frameworks */ = {
			isa = PBXFrameworksBuildPhase;
			buildActionMask = 2147483647;
			files = (
			);
			runOnlyForDeploymentPostprocessing = 0;
		};
		000000000000000000000305 /* Frameworks */ = {
			isa = PBXFrameworksBuildPhase;
			buildActionMask = 2147483647;
			files = (
			);
			runOnlyForDeploymentPostprocessing = 0;
		};
		000000000000000000000308 /* Frameworks */ = {
			isa = PBXFrameworksBuildPhase;
			buildActionMask = 2147483647;
			files = (
			);
			runOnlyForDeploymentPostprocessing = 0;
		};
/* End PBXFrameworksBuildPhase section */

/* Begin PBXGroup section */
		000000000000000000000002 = {
			isa = PBXGroup;
			children = (
				000000000000000000000004 /* Velacanto */,
				000000000000000000000005 /* VelacantoTests */,
				000000000000000000000006 /* VelacantoUITests */,
				000000000000000000000003 /* Products */,
			);
			sourceTree = "<group>";
		};
		000000000000000000000003 /* Products */ = {
			isa = PBXGroup;
			children = (
				000000000000000000000105 /* Velacanto.app */,
				000000000000000000000106 /* VelacantoTests.xctest */,
				000000000000000000000144 /* VelacantoUITests.xctest */,
			);
			name = Products;
			sourceTree = "<group>";
		};
		000000000000000000000004 /* Velacanto */ = {
			isa = PBXGroup;
			children = (
				000000000000000000000101 /* App/VelacantoApp.swift */,
				000000000000000000000128 /* App/AppNavigation.swift */,
				000000000000000000000120 /* App/VelacantoRootView.swift */,
				000000000000000000000129 /* Features/Home/HomeView.swift */,
				000000000000000000000130 /* Features/Artwork/ArtworkViews.swift */,
				000000000000000000000145 /* Features/Playback/PlaybackAccessory.swift */,
				000000000000000000000146 /* Features/Playback/PlaybackSystemControls.swift */,
				000000000000000000000147 /* Features/Playback/NowPlayingView.swift */,
				000000000000000000000148 /* Features/Playback/LyricsPresentation.swift */,
				000000000000000000000149 /* Features/Playback/UpNextPresentation.swift */,
				00000000000000000000014A /* Features/Playback/PlaybackQueueView.swift */,
				00000000000000000000014B /* Features/Playback/ModernPlaybackAccessory.swift */,
				00000000000000000000014C /* Features/Playback/BufferedPlaybackSlider.swift */,
				000000000000000000000132 /* Features/Library/PagedJellyfinItemsModel.swift */,
				000000000000000000000133 /* Features/Library/MusicLibraryNavigation.swift */,
				000000000000000000000134 /* Features/Library/MusicAlbumsView.swift */,
				000000000000000000000135 /* Features/Library/MusicArtistsView.swift */,
				000000000000000000000136 /* Features/Library/MusicSongsView.swift */,
				000000000000000000000137 /* Features/Library/MusicPlaylistsView.swift */,
				000000000000000000000138 /* Features/Library/MusicLibraryComponents.swift */,
				000000000000000000000141 /* Features/Library/MusicFavoriteControls.swift */,
				000000000000000000000122 /* Features/Profile/ProfileView.swift */,
				000000000000000000000123 /* Features/Search/MusicSearchView.swift */,
				000000000000000000000103 /* Core/Playback/PlaybackTimeFormatter.swift */,
				000000000000000000000109 /* Core/Models/MusicSource.swift */,
				000000000000000000000110 /* Core/Playback/AudioPlaybackCoordinator.swift */,
				000000000000000000000114 /* Core/Playback/AudioPlayerEngine.swift */,
				000000000000000000000111 /* Sources/LocalFiles/LocalFilePlaybackAdapter.swift */,
				000000000000000000000112 /* Sources/LocalFiles/DemoToneFactory.swift */,
				000000000000000000000113 /* Platform/Media/SystemMediaController.swift */,
				000000000000000000000115 /* Core/JellyfinAPI/JellyfinAPI.swift */,
				000000000000000000000116 /* Core/Session/JellyfinSessionController.swift */,
				000000000000000000000127 /* Core/Session/JellyfinSessionPersistence.swift */,
				000000000000000000000125 /* Core/Catalog/JellyfinCatalogRepository.swift */,
				000000000000000000000139 /* Core/Catalog/MusicCatalog.swift */,
				000000000000000000000140 /* Core/Catalog/MusicItemActionStateOwner.swift */,
				000000000000000000000117 /* Features/Jellyfin/JellyfinAccessView.swift */,
				000000000000000000000118 /* Sources/Jellyfin/JellyfinPlaybackAdapter.swift */,
				000000000000000000000126 /* Sources/Jellyfin/JellyfinPlaybackRequestResolver.swift */,
				000000000000000000000107 /* Resources/Info.plist */,
				000000000000000000000108 /* Resources/PrivacyInfo.xcprivacy */,
				000000000000000000000124 /* Resources/AppIcon.icon */,
			);
			path = Velacanto;
			sourceTree = "<group>";
		};
		000000000000000000000005 /* VelacantoTests */ = {
			isa = PBXGroup;
			children = (
				000000000000000000000104 /* PlaybackFoundationTests.swift */,
				000000000000000000000119 /* JellyfinFoundationTests.swift */,
				000000000000000000000142 /* MusicItemActionTests.swift */,
			);
			path = VelacantoTests;
			sourceTree = "<group>";
		};
		000000000000000000000006 /* VelacantoUITests */ = {
			isa = PBXGroup;
			children = (
				000000000000000000000143 /* VelacantoUITests.swift */,
			);
			path = VelacantoUITests;
			sourceTree = "<group>";
		};
/* End PBXGroup section */

/* Begin PBXNativeTarget section */
		000000000000000000000401 /* Velacanto */ = {
			isa = PBXNativeTarget;
			buildConfigurationList = 000000000000000000000502 /* Build configuration list for PBXNativeTarget "Velacanto" */;
			buildPhases = (
				000000000000000000000301 /* Sources */,
				000000000000000000000302 /* Frameworks */,
				000000000000000000000303 /* Resources */,
			);
			buildRules = (
			);
			dependencies = (
			);
			name = Velacanto;
			productName = Velacanto;
			productReference = 000000000000000000000105 /* Velacanto.app */;
			productType = "com.apple.product-type.application";
		};
		000000000000000000000402 /* VelacantoTests */ = {
			isa = PBXNativeTarget;
			buildConfigurationList = 000000000000000000000503 /* Build configuration list for PBXNativeTarget "VelacantoTests" */;
			buildPhases = (
				000000000000000000000304 /* Sources */,
				000000000000000000000305 /* Frameworks */,
				000000000000000000000306 /* Resources */,
			);
			buildRules = (
			);
			dependencies = (
				000000000000000000000702 /* PBXTargetDependency */,
			);
			name = VelacantoTests;
			productName = VelacantoTests;
			productReference = 000000000000000000000106 /* VelacantoTests.xctest */;
			productType = "com.apple.product-type.bundle.unit-test";
		};
		000000000000000000000403 /* VelacantoUITests */ = {
			isa = PBXNativeTarget;
			buildConfigurationList = 000000000000000000000504 /* Build configuration list for PBXNativeTarget "VelacantoUITests" */;
			buildPhases = (
				000000000000000000000307 /* Sources */,
				000000000000000000000308 /* Frameworks */,
				000000000000000000000309 /* Resources */,
			);
			buildRules = (
			);
			dependencies = (
				000000000000000000000704 /* PBXTargetDependency */,
			);
			name = VelacantoUITests;
			productName = VelacantoUITests;
			productReference = 000000000000000000000144 /* VelacantoUITests.xctest */;
			productType = "com.apple.product-type.bundle.ui-testing";
		};
/* End PBXNativeTarget section */

/* Begin PBXProject section */
		000000000000000000000001 /* Project object */ = {
			isa = PBXProject;
			attributes = {
				BuildIndependentTargetsInParallel = 1;
				LastSwiftUpdateCheck = 2700;
				LastUpgradeCheck = 2700;
				TargetAttributes = {
					000000000000000000000401 = {
						CreatedOnToolsVersion = 27.0;
					};
					000000000000000000000402 = {
						CreatedOnToolsVersion = 27.0;
						TestTargetID = 000000000000000000000401;
					};
					000000000000000000000403 = {
						CreatedOnToolsVersion = 27.0;
						TestTargetID = 000000000000000000000401;
					};
				};
			};
			buildConfigurationList = 000000000000000000000501 /* Build configuration list for PBXProject "Velacanto" */;
			compatibilityVersion = "Xcode 16.0";
			developmentRegion = en;
			hasScannedForEncodings = 0;
			knownRegions = (
				en,
				Base,
			);
			mainGroup = 000000000000000000000002;
			minimizedProjectReferenceProxies = 1;
			productRefGroup = 000000000000000000000003 /* Products */;
			projectDirPath = "";
			projectRoot = "";
			targets = (
				000000000000000000000401 /* Velacanto */,
				000000000000000000000402 /* VelacantoTests */,
				000000000000000000000403 /* VelacantoUITests */,
			);
		};
/* End PBXProject section */

/* Begin PBXResourcesBuildPhase section */
		000000000000000000000303 /* Resources */ = {
			isa = PBXResourcesBuildPhase;
			buildActionMask = 2147483647;
			files = (
				000000000000000000000205 /* Resources/PrivacyInfo.xcprivacy in Resources */,
				000000000000000000000221 /* Resources/AppIcon.icon in Resources */,
			);
			runOnlyForDeploymentPostprocessing = 0;
		};
		000000000000000000000306 /* Resources */ = {
			isa = PBXResourcesBuildPhase;
			buildActionMask = 2147483647;
			files = (
			);
			runOnlyForDeploymentPostprocessing = 0;
		};
		000000000000000000000309 /* Resources */ = {
			isa = PBXResourcesBuildPhase;
			buildActionMask = 2147483647;
			files = (
			);
			runOnlyForDeploymentPostprocessing = 0;
		};
/* End PBXResourcesBuildPhase section */

/* Begin PBXSourcesBuildPhase section */
		000000000000000000000301 /* Sources */ = {
			isa = PBXSourcesBuildPhase;
			buildActionMask = 2147483647;
			files = (
				000000000000000000000201 /* App/VelacantoApp.swift in Sources */,
				000000000000000000000203 /* Core/Playback/PlaybackTimeFormatter.swift in Sources */,
				000000000000000000000206 /* Core/Models/MusicSource.swift in Sources */,
				000000000000000000000207 /* Core/Playback/AudioPlaybackCoordinator.swift in Sources */,
				000000000000000000000211 /* Core/Playback/AudioPlayerEngine.swift in Sources */,
				000000000000000000000208 /* Sources/LocalFiles/LocalFilePlaybackAdapter.swift in Sources */,
				000000000000000000000209 /* Sources/LocalFiles/DemoToneFactory.swift in Sources */,
				000000000000000000000210 /* Platform/Media/SystemMediaController.swift in Sources */,
				000000000000000000000212 /* Core/JellyfinAPI/JellyfinAPI.swift in Sources */,
				000000000000000000000213 /* Core/Session/JellyfinSessionController.swift in Sources */,
				000000000000000000000214 /* Features/Jellyfin/JellyfinAccessView.swift in Sources */,
				000000000000000000000215 /* Sources/Jellyfin/JellyfinPlaybackAdapter.swift in Sources */,
				000000000000000000000217 /* App/VelacantoRootView.swift in Sources */,
				000000000000000000000226 /* Features/Home/HomeView.swift in Sources */,
				000000000000000000000227 /* Features/Artwork/ArtworkViews.swift in Sources */,
				000000000000000000000241 /* Features/Playback/PlaybackAccessory.swift in Sources */,
				000000000000000000000242 /* Features/Playback/PlaybackSystemControls.swift in Sources */,
				000000000000000000000243 /* Features/Playback/NowPlayingView.swift in Sources */,
				000000000000000000000244 /* Features/Playback/LyricsPresentation.swift in Sources */,
				000000000000000000000245 /* Features/Playback/UpNextPresentation.swift in Sources */,
				000000000000000000000246 /* Features/Playback/PlaybackQueueView.swift in Sources */,
				000000000000000000000247 /* Features/Playback/ModernPlaybackAccessory.swift in Sources */,
				000000000000000000000248 /* Features/Playback/BufferedPlaybackSlider.swift in Sources */,
				000000000000000000000229 /* Features/Library/PagedJellyfinItemsModel.swift in Sources */,
				000000000000000000000230 /* Features/Library/MusicLibraryNavigation.swift in Sources */,
				000000000000000000000231 /* Features/Library/MusicAlbumsView.swift in Sources */,
				000000000000000000000232 /* Features/Library/MusicArtistsView.swift in Sources */,
				000000000000000000000233 /* Features/Library/MusicSongsView.swift in Sources */,
				000000000000000000000234 /* Features/Library/MusicPlaylistsView.swift in Sources */,
				000000000000000000000235 /* Features/Library/MusicLibraryComponents.swift in Sources */,
				000000000000000000000219 /* Features/Profile/ProfileView.swift in Sources */,
				000000000000000000000220 /* Features/Search/MusicSearchView.swift in Sources */,
				000000000000000000000222 /* Core/Catalog/JellyfinCatalogRepository.swift in Sources */,
				000000000000000000000236 /* Core/Catalog/MusicCatalog.swift in Sources */,
				000000000000000000000237 /* Core/Catalog/MusicItemActionStateOwner.swift in Sources */,
				000000000000000000000238 /* Features/Library/MusicFavoriteControls.swift in Sources */,
				000000000000000000000223 /* Sources/Jellyfin/JellyfinPlaybackRequestResolver.swift in Sources */,
				000000000000000000000224 /* Core/Session/JellyfinSessionPersistence.swift in Sources */,
				000000000000000000000225 /* App/AppNavigation.swift in Sources */,
			);
			runOnlyForDeploymentPostprocessing = 0;
		};
		000000000000000000000304 /* Sources */ = {
			isa = PBXSourcesBuildPhase;
			buildActionMask = 2147483647;
			files = (
				000000000000000000000204 /* PlaybackFoundationTests.swift in Sources */,
				000000000000000000000216 /* JellyfinFoundationTests.swift in Sources */,
				000000000000000000000239 /* MusicItemActionTests.swift in Sources */,
			);
			runOnlyForDeploymentPostprocessing = 0;
		};
		000000000000000000000307 /* Sources */ = {
			isa = PBXSourcesBuildPhase;
			buildActionMask = 2147483647;
			files = (
				000000000000000000000240 /* VelacantoUITests.swift in Sources */,
			);
			runOnlyForDeploymentPostprocessing = 0;
		};
/* End PBXSourcesBuildPhase section */

/* Begin PBXTargetDependency section */
		000000000000000000000702 /* PBXTargetDependency */ = {
			isa = PBXTargetDependency;
			target = 000000000000000000000401 /* Velacanto */;
			targetProxy = 000000000000000000000701 /* PBXContainerItemProxy */;
		};
		000000000000000000000704 /* PBXTargetDependency */ = {
			isa = PBXTargetDependency;
			target = 000000000000000000000401 /* Velacanto */;
			targetProxy = 000000000000000000000703 /* PBXContainerItemProxy */;
		};
/* End PBXTargetDependency section */

/* Begin XCBuildConfiguration section */
		000000000000000000000601 /* Debug */ = {
			isa = XCBuildConfiguration;
			buildSettings = {
				ALWAYS_SEARCH_USER_PATHS = NO;
				CLANG_ANALYZER_NONNULL = YES;
				CLANG_ENABLE_MODULES = YES;
				CLANG_ENABLE_OBJC_ARC = YES;
				CLANG_WARN_BOOL_CONVERSION = YES;
				CLANG_WARN_COMMA = YES;
				CLANG_WARN_CONSTANT_CONVERSION = YES;
				CLANG_WARN_DEPRECATED_OBJC_IMPLEMENTATIONS = YES;
				CLANG_WARN_DOCUMENTATION_COMMENTS = YES;
				CLANG_WARN_EMPTY_BODY = YES;
				CLANG_WARN_ENUM_CONVERSION = YES;
				CLANG_WARN_INFINITE_RECURSION = YES;
				CLANG_WARN_INT_CONVERSION = YES;
				CLANG_WARN_NON_LITERAL_NULL_CONVERSION = YES;
				CLANG_WARN_OBJC_IMPLICIT_RETAIN_SELF = YES;
				CLANG_WARN_OBJC_LITERAL_CONVERSION = YES;
				CLANG_WARN_QUOTED_INCLUDE_IN_FRAMEWORK_HEADER = YES;
				CLANG_WARN_RANGE_LOOP_ANALYSIS = YES;
				CLANG_WARN_STRICT_PROTOTYPES = YES;
				CLANG_WARN_SUSPICIOUS_MOVE = YES;
				CLANG_WARN_UNGUARDED_AVAILABILITY = YES_AGGRESSIVE;
				CLANG_WARN_UNREACHABLE_CODE = YES;
				COPY_PHASE_STRIP = NO;
				DEBUG_INFORMATION_FORMAT = dwarf;
				ENABLE_TESTABILITY = YES;
				ENABLE_USER_SCRIPT_SANDBOXING = YES;
				GCC_C_LANGUAGE_STANDARD = gnu17;
				GCC_NO_COMMON_BLOCKS = YES;
				GCC_OPTIMIZATION_LEVEL = 0;
				GCC_PREPROCESSOR_DEFINITIONS = (
					"DEBUG=1",
					"$(inherited)",
				);
				LOCALIZATION_PREFERS_STRING_CATALOGS = YES;
				MTL_ENABLE_DEBUG_INFO = INCLUDE_SOURCE;
				MTL_FAST_MATH = YES;
				ONLY_ACTIVE_ARCH = YES;
				SWIFT_ACTIVE_COMPILATION_CONDITIONS = "DEBUG $(inherited)";
				SWIFT_OPTIMIZATION_LEVEL = "-Onone";
			};
			name = Debug;
		};
		000000000000000000000602 /* Release */ = {
			isa = XCBuildConfiguration;
			buildSettings = {
				ALWAYS_SEARCH_USER_PATHS = NO;
				CLANG_ANALYZER_NONNULL = YES;
				CLANG_ENABLE_MODULES = YES;
				CLANG_ENABLE_OBJC_ARC = YES;
				CLANG_WARN_BOOL_CONVERSION = YES;
				CLANG_WARN_COMMA = YES;
				CLANG_WARN_CONSTANT_CONVERSION = YES;
				CLANG_WARN_DEPRECATED_OBJC_IMPLEMENTATIONS = YES;
				CLANG_WARN_DOCUMENTATION_COMMENTS = YES;
				CLANG_WARN_EMPTY_BODY = YES;
				CLANG_WARN_ENUM_CONVERSION = YES;
				CLANG_WARN_INFINITE_RECURSION = YES;
				CLANG_WARN_INT_CONVERSION = YES;
				CLANG_WARN_NON_LITERAL_NULL_CONVERSION = YES;
				CLANG_WARN_OBJC_IMPLICIT_RETAIN_SELF = YES;
				CLANG_WARN_OBJC_LITERAL_CONVERSION = YES;
				CLANG_WARN_QUOTED_INCLUDE_IN_FRAMEWORK_HEADER = YES;
				CLANG_WARN_RANGE_LOOP_ANALYSIS = YES;
				CLANG_WARN_STRICT_PROTOTYPES = YES;
				CLANG_WARN_SUSPICIOUS_MOVE = YES;
				CLANG_WARN_UNGUARDED_AVAILABILITY = YES_AGGRESSIVE;
				CLANG_WARN_UNREACHABLE_CODE = YES;
				COPY_PHASE_STRIP = NO;
				DEBUG_INFORMATION_FORMAT = "dwarf-with-dsym";
				ENABLE_NS_ASSERTIONS = NO;
				ENABLE_USER_SCRIPT_SANDBOXING = YES;
				GCC_C_LANGUAGE_STANDARD = gnu17;
				GCC_NO_COMMON_BLOCKS = YES;
				LOCALIZATION_PREFERS_STRING_CATALOGS = YES;
				MTL_ENABLE_DEBUG_INFO = NO;
				MTL_FAST_MATH = YES;
				SWIFT_COMPILATION_MODE = wholemodule;
			};
			name = Release;
		};
		000000000000000000000603 /* Debug */ = {
			isa = XCBuildConfiguration;
			buildSettings = {
				ASSETCATALOG_COMPILER_APPICON_NAME = AppIcon;
				CODE_SIGN_STYLE = Automatic;
				CURRENT_PROJECT_VERSION = 1;
				DEVELOPMENT_TEAM = B9X8T5LT8Q;
				ENABLE_HARDENED_RUNTIME = YES;
				ENABLE_PREVIEWS = YES;
				GENERATE_INFOPLIST_FILE = NO;
				INFOPLIST_FILE = Velacanto/Resources/Info.plist;
				INFOPLIST_KEY_CFBundleDisplayName = Velacanto;
				INFOPLIST_KEY_LSApplicationCategoryType = "public.app-category.music";
				IPHONEOS_DEPLOYMENT_TARGET = 27.0;
				MACOSX_DEPLOYMENT_TARGET = 27.0;
				MARKETING_VERSION = 0.2.0;
				PRODUCT_BUNDLE_IDENTIFIER = com.chameleonenterprise.velacanto;
				PRODUCT_NAME = "$(TARGET_NAME)";
				SUPPORTED_PLATFORMS = "iphoneos iphonesimulator macosx";
				SUPPORTS_MACCATALYST = NO;
				SWIFT_EMIT_LOC_STRINGS = YES;
				SWIFT_VERSION = 6.0;
				TARGETED_DEVICE_FAMILY = "1,2";
			};
			name = Debug;
		};
		000000000000000000000604 /* Release */ = {
			isa = XCBuildConfiguration;
			buildSettings = {
				ASSETCATALOG_COMPILER_APPICON_NAME = AppIcon;
				CODE_SIGN_STYLE = Automatic;
				CURRENT_PROJECT_VERSION = 1;
				ENABLE_HARDENED_RUNTIME = YES;
				ENABLE_PREVIEWS = YES;
				GENERATE_INFOPLIST_FILE = NO;
				INFOPLIST_FILE = Velacanto/Resources/Info.plist;
				INFOPLIST_KEY_CFBundleDisplayName = Velacanto;
				INFOPLIST_KEY_LSApplicationCategoryType = "public.app-category.music";
				IPHONEOS_DEPLOYMENT_TARGET = 27.0;
				MACOSX_DEPLOYMENT_TARGET = 27.0;
				MARKETING_VERSION = 0.2.0;
				PRODUCT_BUNDLE_IDENTIFIER = com.chameleonenterprise.velacanto;
				PRODUCT_NAME = "$(TARGET_NAME)";
				SUPPORTED_PLATFORMS = "iphoneos iphonesimulator macosx";
				SUPPORTS_MACCATALYST = NO;
				SWIFT_EMIT_LOC_STRINGS = YES;
				SWIFT_VERSION = 6.0;
				TARGETED_DEVICE_FAMILY = "1,2";
			};
			name = Release;
		};
		000000000000000000000605 /* Debug */ = {
			isa = XCBuildConfiguration;
			buildSettings = {
				BUNDLE_LOADER = "$(TEST_HOST)";
				CODE_SIGN_STYLE = Automatic;
				CURRENT_PROJECT_VERSION = 1;
				GENERATE_INFOPLIST_FILE = YES;
				IPHONEOS_DEPLOYMENT_TARGET = 27.0;
				LD_RUNPATH_SEARCH_PATHS = (
					"$(inherited)",
					"@executable_path/Frameworks",
					"@loader_path/Frameworks",
				);
				MACOSX_DEPLOYMENT_TARGET = 27.0;
				MARKETING_VERSION = 0.2.0;
				PRODUCT_BUNDLE_IDENTIFIER = com.chameleonenterprise.velacanto.tests;
				PRODUCT_NAME = "$(TARGET_NAME)";
				SUPPORTED_PLATFORMS = "iphoneos iphonesimulator macosx";
				SWIFT_VERSION = 6.0;
				TARGETED_DEVICE_FAMILY = "1,2";
				TEST_HOST = "$(BUILT_PRODUCTS_DIR)/Velacanto.app/$(BUNDLE_EXECUTABLE_FOLDER_PATH)/Velacanto";
			};
			name = Debug;
		};
		000000000000000000000606 /* Release */ = {
			isa = XCBuildConfiguration;
			buildSettings = {
				BUNDLE_LOADER = "$(TEST_HOST)";
				CODE_SIGN_STYLE = Automatic;
				CURRENT_PROJECT_VERSION = 1;
				GENERATE_INFOPLIST_FILE = YES;
				IPHONEOS_DEPLOYMENT_TARGET = 27.0;
				LD_RUNPATH_SEARCH_PATHS = (
					"$(inherited)",
					"@executable_path/Frameworks",
					"@loader_path/Frameworks",
				);
				MACOSX_DEPLOYMENT_TARGET = 27.0;
				MARKETING_VERSION = 0.2.0;
				PRODUCT_BUNDLE_IDENTIFIER = com.chameleonenterprise.velacanto.tests;
				PRODUCT_NAME = "$(TARGET_NAME)";
				SUPPORTED_PLATFORMS = "iphoneos iphonesimulator macosx";
				SWIFT_VERSION = 6.0;
				TARGETED_DEVICE_FAMILY = "1,2";
				TEST_HOST = "$(BUILT_PRODUCTS_DIR)/Velacanto.app/$(BUNDLE_EXECUTABLE_FOLDER_PATH)/Velacanto";
			};
			name = Release;
		};
		000000000000000000000607 /* Debug */ = {
			isa = XCBuildConfiguration;
			buildSettings = {
				CODE_SIGN_STYLE = Automatic;
				GENERATE_INFOPLIST_FILE = YES;
				IPHONEOS_DEPLOYMENT_TARGET = 27.0;
				LD_RUNPATH_SEARCH_PATHS = (
					"$(inherited)",
					"@executable_path/Frameworks",
					"@loader_path/Frameworks",
				);
				PRODUCT_BUNDLE_IDENTIFIER = com.chameleonenterprise.velacanto.uitests;
				PRODUCT_NAME = "$(TARGET_NAME)";
				SUPPORTED_PLATFORMS = "iphoneos iphonesimulator";
				SWIFT_VERSION = 6.0;
				TARGETED_DEVICE_FAMILY = "1,2";
				TEST_TARGET_NAME = Velacanto;
			};
			name = Debug;
		};
		000000000000000000000608 /* Release */ = {
			isa = XCBuildConfiguration;
			buildSettings = {
				CODE_SIGN_STYLE = Automatic;
				GENERATE_INFOPLIST_FILE = YES;
				IPHONEOS_DEPLOYMENT_TARGET = 27.0;
				LD_RUNPATH_SEARCH_PATHS = (
					"$(inherited)",
					"@executable_path/Frameworks",
					"@loader_path/Frameworks",
				);
				PRODUCT_BUNDLE_IDENTIFIER = com.chameleonenterprise.velacanto.uitests;
				PRODUCT_NAME = "$(TARGET_NAME)";
				SUPPORTED_PLATFORMS = "iphoneos iphonesimulator";
				SWIFT_VERSION = 6.0;
				TARGETED_DEVICE_FAMILY = "1,2";
				TEST_TARGET_NAME = Velacanto;
			};
			name = Release;
		};
/* End XCBuildConfiguration section */

/* Begin XCConfigurationList section */
		000000000000000000000501 /* Build configuration list for PBXProject "Velacanto" */ = {
			isa = XCConfigurationList;
			buildConfigurations = (
				000000000000000000000601 /* Debug */,
				000000000000000000000602 /* Release */,
			);
			defaultConfigurationIsVisible = 0;
			defaultConfigurationName = Release;
		};
		000000000000000000000502 /* Build configuration list for PBXNativeTarget "Velacanto" */ = {
			isa = XCConfigurationList;
			buildConfigurations = (
				000000000000000000000603 /* Debug */,
				000000000000000000000604 /* Release */,
			);
			defaultConfigurationIsVisible = 0;
			defaultConfigurationName = Release;
		};
		000000000000000000000503 /* Build configuration list for PBXNativeTarget "VelacantoTests" */ = {
			isa = XCConfigurationList;
			buildConfigurations = (
				000000000000000000000605 /* Debug */,
				000000000000000000000606 /* Release */,
			);
			defaultConfigurationIsVisible = 0;
			defaultConfigurationName = Release;
		};
		000000000000000000000504 /* Build configuration list for PBXNativeTarget "VelacantoUITests" */ = {
			isa = XCConfigurationList;
			buildConfigurations = (
				000000000000000000000607 /* Debug */,
				000000000000000000000608 /* Release */,
			);
			defaultConfigurationIsVisible = 0;
			defaultConfigurationName = Release;
		};
/* End XCConfigurationList section */
	};
	rootObject = 000000000000000000000001 /* Project object */;
}
